// !$*UTF8*$!
{
	archiveVersion = 1;
	classes = {
	};
	objectVersion = 50;
	objects = {

/* Begin PBXBuildFile section */
		3563530B260B7A5500A431E3 /* AppDelegate.swift in Sources */ = {isa = PBXBuildFile; fileRef = 3563530A260B7A5500A431E3 /* AppDelegate.swift */; };
		3563530D260B7A5500A431E3 /* SceneDelegate.swift in Sources */ = {isa = PBXBuildFile; fileRef = 3563530C260B7A5500A431E3 /* SceneDelegate.swift */; };
		3563530F260B7A5500A431E3 /* ViewController.swift in Sources */ = {isa = PBXBuildFile; fileRef = 3563530E260B7A5500A431E3 /* ViewController.swift */; };
		35635312260B7A5500A431E3 /* Main.storyboard in Resources */ = {isa = PBXBuildFile; fileRef = 35635310260B7A5500A431E3 /* Main.storyboard */; };
		35635314260B7A5600A431E3 /* Assets.xcassets in Resources */ = {isa = PBXBuildFile; fileRef = 35635313260B7A5600A431E3 /* Assets.xcassets */; };
		35635317260B7A5600A431E3 /* LaunchScreen.storyboard in Resources */ = {isa = PBXBuildFile; fileRef = 35635315260B7A5600A431E3 /* LaunchScreen.storyboard */; };
		35635322260B7A5700A431E3 /* smallGameTests.swift in Sources */ = {isa = PBXBuildFile; fileRef = 35635321260B7A5700A431E3 /* smallGameTests.swift */; };
		3563532D260B7A5700A431E3 /* smallGameUITests.swift in Sources */ = {isa = PBXBuildFile; fileRef = 3563532C260B7A5700A431E3 /* smallGameUITests.swift */; };
		3563534B260B7EF400A431E3 /* DrawPlayer.swift in Sources */ = {isa = PBXBuildFile; fileRef = 3563534A260B7EF400A431E3 /* DrawPlayer.swift */; };
/* End PBXBuildFile section */

/* Begin PBXContainerItemProxy section */
		3563531E260B7A5700A431E3 /* PBXContainerItemProxy */ = {
			isa = PBXContainerItemProxy;
			containerPortal = 356352FF260B7A5500A431E3 /* Project object */;
			proxyType = 1;
			remoteGlobalIDString = 35635306260B7A5500A431E3;
			remoteInfo = smallGame;
		};
		35635329260B7A5700A431E3 /* PBXContainerItemProxy */ = {
			isa = PBXContainerItemProxy;
			containerPortal = 356352FF260B7A5500A431E3 /* Project object */;
			proxyType = 1;
			remoteGlobalIDString = 35635306260B7A5500A431E3;
			remoteInfo = smallGame;
		};
/* End PBXContainerItemProxy section */

/* Begin PBXFileReference section */
		35635307260B7A5500A431E3 /* smallGame.app */ = {isa = PBXFileReference; explicitFileType = wrapper.application; includeInIndex = 0; path = smallGame.app; sourceTree = BUILT_PRODUCTS_DIR; };
		3563530A260B7A5500A431E3 /* AppDelegate.swift */ = {isa = PBXFileReference; lastKnownFileType = sourcecode.swift; path = AppDelegate.swift; sourceTree = "<group>"; };
		3563530C260B7A5500A431E3 /* SceneDelegate.swift */ = {isa = PBXFileReference; lastKnownFileType = sourcecode.swift; path = SceneDelegate.swift; sourceTree = "<group>"; };
		3563530E260B7A5500A431E3 /* ViewController.swift */ = {isa = PBXFileReference; lastKnownFileType = sourcecode.swift; path = ViewController.swift; sourceTree = "<group>"; };
		35635311260B7A5500A431E3 /* Base */ = {isa = PBXFileReference; lastKnownFileType = file.storyboard; name = Base; path = Base.lproj/Main.storyboard; sourceTree = "<group>"; };
		35635313260B7A5600A431E3 /* Assets.xcassets */ = {isa = PBXFileReference; lastKnownFileType = folder.assetcatalog; path = Assets.xcassets; sourceTree = "<group>"; };
		35635316260B7A5600A431E3 /* Base */ = {isa = PBXFileReference; lastKnownFileType = file.storyboard; name = Base; path = Base.lproj/LaunchScreen.storyboard; sourceTree = "<group>"; };
		35635318260B7A5600A431E3 /* Info.plist */ = {isa = PBXFileReference; lastKnownFileType = text.plist.xml; path = Info.plist; sourceTree = "<group>"; };
		3563531D260B7A5700A431E3 /* smallGameTests.xctest */ = {isa = PBXFileReference; explicitFileType = wrapper.cfbundle; includeInIndex = 0; path = smallGameTests.xctest; sourceTree = BUILT_PRODUCTS_DIR; };
		35635321260B7A5700A431E3 /* smallGameTests.swift */ = {isa = PBXFileReference; lastKnownFileType = sourcecode.swift; path = smallGameTests.swift; sourceTree = "<group>"; };
		35635323260B7A5700A431E3 /* Info.plist */ = {isa = PBXFileReference; lastKnownFileType = text.plist.xml; path = Info.plist; sourceTree = "<group>"; };
		35635328260B7A5700A431E3 /* smallGameUITests.xctest */ = {isa = PBXFileReference; explicitFileType = wrapper.cfbundle; includeInIndex = 0; path = smallGameUITests.xctest; sourceTree = BUILT_PRODUCTS_DIR; };
		3563532C260B7A5700A431E3 /* smallGameUITests.swift */ = {isa = PBXFileReference; lastKnownFileType = sourcecode.swift; path = smallGameUITests.swift; sourceTree = "<group>"; };
		3563532E260B7A5700A431E3 /* Info.plist */ = {isa = PBXFileReference; lastKnownFileType = text.plist.xml; path = Info.plist; sourceTree = "<group>"; };
		3563534A260B7EF400A431E3 /* DrawPlayer.swift */ = {isa = PBXFileReference; lastKnownFileType = sourcecode.swift; path = DrawPlayer.swift; sourceTree = "<group>"; };
/* End PBXFileReference section */

/* Begin PBXFrameworksBuildPhase section */
		35635304260B7A5500A431E3 /* Frameworks */ = {
			isa = PBXFrameworksBuildPhase;
			buildActionMask = 2147483647;
			files = (
			);
			runOnlyForDeploymentPostprocessing = 0;
		};
		3563531A260B7A5700A431E3 /* Frameworks */ = {
			isa = PBXFrameworksBuildPhase;
			buildActionMask = 2147483647;
			files = (
			);
			runOnlyForDeploymentPostprocessing = 0;
		};
		35635325260B7A5700A431E3 /* Frameworks */ = {
			isa = PBXFrameworksBuildPhase;
			buildActionMask = 2147483647;
			files = (
			);
			runOnlyForDeploymentPostprocessing = 0;
		};
/* End PBXFrameworksBuildPhase section */

/* Begin PBXGroup section */
		356352FE260B7A5500A431E3 = {
			isa = PBXGroup;
			children = (
				35635309260B7A5500A431E3 /* smallGame */,
				35635320260B7A5700A431E3 /* smallGameTests */,
				3563532B260B7A5700A431E3 /* smallGameUITests */,
				35635308260B7A5500A431E3 /* Products */,
			);
			sourceTree = "<group>";
		};
		35635308260B7A5500A431E3 /* Products */ = {
			isa = PBXGroup;
			children = (
				35635307260B7A5500A431E3 /* smallGame.app */,
				3563531D260B7A5700A431E3 /* smallGameTests.xctest */,
				35635328260B7A5700A431E3 /* smallGameUITests.xctest */,
			);
			name = Products;
			sourceTree = "<group>";
		};
		35635309260B7A5500A431E3 /* smallGame */ = {
			isa = PBXGroup;
			children = (
				3563530A260B7A5500A431E3 /* AppDelegate.swift */,
				3563530C260B7A5500A431E3 /* SceneDelegate.swift */,
				3563530E260B7A5500A431E3 /* ViewController.swift */,
				35635310260B7A5500A431E3 /* Main.storyboard */,
				35635313260B7A5600A431E3 /* Assets.xcassets */,
				3563534A260B7EF400A431E3 /* DrawPlayer.swift */,
				35635315260B7A5600A431E3 /* LaunchScreen.storyboard */,
				35635318260B7A5600A431E3 /* Info.plist */,
			);
			path = smallGame;
			sourceTree = "<group>";
		};
		35635320260B7A5700A431E3 /* smallGameTests */ = {
			isa = PBXGroup;
			children = (
				35635321260B7A5700A431E3 /* smallGameTests.swift */,
				35635323260B7A5700A431E3 /* Info.plist */,
			);
			path = smallGameTests;
			sourceTree = "<group>";
		};
		3563532B260B7A5700A431E3 /* smallGameUITests */ = {
			isa = PBXGroup;
			children = (
				3563532C260B7A5700A431E3 /* smallGameUITests.swift */,
				3563532E260B7A5700A431E3 /* Info.plist */,
			);
			path = smallGameUITests;
			sourceTree = "<group>";
		};
/* End PBXGroup section */

/* Begin PBXNativeTarget section */
		35635306260B7A5500A431E3 /* smallGame */ = {
			isa = PBXNativeTarget;
			buildConfigurationList = 35635331260B7A5700A431E3 /* Build configuration list for PBXNativeTarget "smallGame" */;
			buildPhases = (
				35635303260B7A5500A431E3 /* Sources */,
				35635304260B7A5500A431E3 /* Frameworks */,
				35635305260B7A5500A431E3 /* Resources */,
			);
			buildRules = (
			);
			dependencies = (
			);
			name = smallGame;
			productName = smallGame;
			productReference = 35635307260B7A5500A431E3 /* smallGame.app */;
			productType = "com.apple.product-type.application";
		};
		3563531C260B7A5700A431E3 /* smallGameTests */ = {
			isa = PBXNativeTarget;
			buildConfigurationList = 35635334260B7A5700A431E3 /* Build configuration list for PBXNativeTarget "smallGameTests" */;
			buildPhases = (
				35635319260B7A5700A431E3 /* Sources */,
				3563531A260B7A5700A431E3 /* Frameworks */,
				3563531B260B7A5700A431E3 /* Resources */,
			);
			buildRules = (
			);
			dependencies = (
				3563531F260B7A5700A431E3 /* PBXTargetDependency */,
			);
			name = smallGameTests;
			productName = smallGameTests;
			productReference = 3563531D260B7A5700A431E3 /* smallGameTests.xctest */;
			productType = "com.apple.product-type.bundle.unit-test";
		};
		35635327260B7A5700A431E3 /* smallGameUITests */ = {
			isa = PBXNativeTarget;
			buildConfigurationList = 35635337260B7A5700A431E3 /* Build configuration list for PBXNativeTarget "smallGameUITests" */;
			buildPhases = (
				35635324260B7A5700A431E3 /* Sources */,
				35635325260B7A5700A431E3 /* Frameworks */,
				35635326260B7A5700A431E3 /* Resources */,
			);
			buildRules = (
			);
			dependencies = (
				3563532A260B7A5700A431E3 /* PBXTargetDependency */,
			);
			name = smallGameUITests;
			productName = smallGameUITests;
			productReference = 35635328260B7A5700A431E3 /* smallGameUITests.xctest */;
			productType = "com.apple.product-type.bundle.ui-testing";
		};
/* End PBXNativeTarget section */

/* Begin PBXProject section */
		356352FF260B7A5500A431E3 /* Project object */ = {
			isa = PBXProject;
			attributes = {
				LastSwiftUpdateCheck = 1240;
				LastUpgradeCheck = 1240;
				TargetAttributes = {
					35635306260B7A5500A431E3 = {
						CreatedOnToolsVersion = 12.4;
					};
					3563531C260B7A5700A431E3 = {
						CreatedOnToolsVersion = 12.4;
						TestTargetID = 35635306260B7A5500A431E3;
					};
					35635327260B7A5700A431E3 = {
						CreatedOnToolsVersion = 12.4;
						TestTargetID = 35635306260B7A5500A431E3;
					};
				};
			};
			buildConfigurationList = 35635302260B7A5500A431E3 /* Build configuration list for PBXProject "smallGame" */;
			compatibilityVersion = "Xcode 9.3";
			developmentRegion = en;
			hasScannedForEncodings = 0;
			knownRegions = (
				en,
				Base,
			);
			mainGroup = 356352FE260B7A5500A431E3;
			productRefGroup = 35635308260B7A5500A431E3 /* Products */;
			projectDirPath = "";
			projectRoot = "";
			targets = (
				35635306260B7A5500A431E3 /* smallGame */,
				3563531C260B7A5700A431E3 /* smallGameTests */,
				35635327260B7A5700A431E3 /* smallGameUITests */,
			);
		};
/* End PBXProject section */

/* Begin PBXResourcesBuildPhase section */
		35635305260B7A5500A431E3 /* Resources */ = {
			isa = PBXResourcesBuildPhase;
			buildActionMask = 2147483647;
			files = (
				35635317260B7A5600A431E3 /* LaunchScreen.storyboard in Resources */,
				35635314260B7A5600A431E3 /* Assets.xcassets in Resources */,
				35635312260B7A5500A431E3 /* Main.storyboard in Resources */,
			);
			runOnlyForDeploymentPostprocessing = 0;
		};
		3563531B260B7A5700A431E3 /* Resources */ = {
			isa = PBXResourcesBuildPhase;
			buildActionMask = 2147483647;
			files = (
			);
			runOnlyForDeploymentPostprocessing = 0;
		};
		35635326260B7A5700A431E3 /* Resources */ = {
			isa = PBXResourcesBuildPhase;
			buildActionMask = 2147483647;
			files = (
			);
			runOnlyForDeploymentPostprocessing = 0;
		};
/* End PBXResourcesBuildPhase section */

/* Begin PBXSourcesBuildPhase section */
		35635303260B7A5500A431E3 /* Sources */ = {
			isa = PBXSourcesBuildPhase;
			buildActionMask = 2147483647;
			files = (
				3563530F260B7A5500A431E3 /* ViewController.swift in Sources */,
				3563530B260B7A5500A431E3 /* AppDelegate.swift in Sources */,
				3563534B260B7EF400A431E3 /* DrawPlayer.swift in Sources */,
				3563530D260B7A5500A431E3 /* SceneDelegate.swift in Sources */,
			);
			runOnlyForDeploymentPostprocessing = 0;
		};
		35635319260B7A5700A431E3 /* Sources */ = {
			isa = PBXSourcesBuildPhase;
			buildActionMask = 2147483647;
			files = (
				35635322260B7A5700A431E3 /* smallGameTests.swift in Sources */,
			);
			runOnlyForDeploymentPostprocessing = 0;
		};
		35635324260B7A5700A431E3 /* Sources */ = {
			isa = PBXSourcesBuildPhase;
			buildActionMask = 2147483647;
			files = (
				3563532D260B7A5700A431E3 /* smallGameUITests.swift in Sources */,
			);
			runOnlyForDeploymentPostprocessing = 0;
		};
/* End PBXSourcesBuildPhase section */

/* Begin PBXTargetDependency section */
		3563531F260B7A5700A431E3 /* PBXTargetDependency */ = {
			isa = PBXTargetDependency;
			target = 35635306260B7A5500A431E3 /* smallGame */;
			targetProxy = 3563531E260B7A5700A431E3 /* PBXContainerItemProxy */;
		};
		3563532A260B7A5700A431E3 /* PBXTargetDependency */ = {
			isa = PBXTargetDependency;
			target = 35635306260B7A5500A431E3 /* smallGame */;
			targetProxy = 35635329260B7A5700A431E3 /* PBXContainerItemProxy */;
		};
/* End PBXTargetDependency section */

/* Begin PBXVariantGroup section */
		35635310260B7A5500A431E3 /* Main.storyboard */ = {
			isa = PBXVariantGroup;
			children = (
				35635311260B7A5500A431E3 /* Base */,
			);
			name = Main.storyboard;
			sourceTree = "<group>";
		};
		35635315260B7A5600A431E3 /* LaunchScreen.storyboard */ = {
			isa = PBXVariantGroup;
			children = (
				35635316260B7A5600A431E3 /* Base */,
			);
			name = LaunchScreen.storyboard;
			sourceTree = "<group>";
		};
/* End PBXVariantGroup section */

/* Begin XCBuildConfiguration section */
		3563532F260B7A5700A431E3 /* Debug */ = {
			isa = XCBuildConfiguration;
			buildSettings = {
				ALWAYS_SEARCH_USER_PATHS = NO;
				CLANG_ANALYZER_NONNULL = YES;
				CLANG_ANALYZER_NUMBER_OBJECT_CONVERSION = YES_AGGRESSIVE;
				CLANG_CXX_LANGUAGE_STANDARD = "gnu++14";
				CLANG_CXX_LIBRARY = "libc++";
				CLANG_ENABLE_MODULES = YES;
				CLANG_ENABLE_OBJC_ARC = YES;
				CLANG_ENABLE_OBJC_WEAK = YES;
				CLANG_WARN_BLOCK_CAPTURE_AUTORELEASING = YES;
				CLANG_WARN_BOOL_CONVERSION = YES;
				CLANG_WARN_COMMA = YES;
				CLANG_WARN_CONSTANT_CONVERSION = YES;
				CLANG_WARN_DEPRECATED_OBJC_IMPLEMENTATIONS = YES;
				CLANG_WARN_DIRECT_OBJC_ISA_USAGE = YES_ERROR;
				CLANG_WARN_DOCUMENTATION_COMMENTS = YES;
				CLANG_WARN_EMPTY_BODY = YES;
				CLANG_WARN_ENUM_CONVERSION = YES;
				CLANG_WARN_INFINITE_RECURSION = YES;
				CLANG_WARN_INT_CONVERSION = YES;
				CLANG_WARN_NON_LITERAL_NULL_CONVERSION = YES;
				CLANG_WARN_OBJC_IMPLICIT_RETAIN_SELF = YES;
				CLANG_WARN_OBJC_LITERAL_CONVERSION = YES;
				CLANG_WARN_OBJC_ROOT_CLASS = YES_ERROR;
				CLANG_WARN_QUOTED_INCLUDE_IN_FRAMEWORK_HEADER = YES;
				CLANG_WARN_RANGE_LOOP_ANALYSIS = YES;
				CLANG_WARN_STRICT_PROTOTYPES = YES;
				CLANG_WARN_SUSPICIOUS_MOVE = YES;
				CLANG_WARN_UNGUARDED_AVAILABILITY = YES_AGGRESSIVE;
				CLANG_WARN_UNREACHABLE_CODE = YES;
				CLANG_WARN__DUPLICATE_METHOD_MATCH = YES;
				COPY_PHASE_STRIP = NO;
				DEBUG_INFORMATION_FORMAT = dwarf;
				ENABLE_STRICT_OBJC_MSGSEND = YES;
				ENABLE_TESTABILITY = YES;
				GCC_C_LANGUAGE_STANDARD = gnu11;
				GCC_DYNAMIC_NO_PIC = NO;
				GCC_NO_COMMON_BLOCKS = YES;
				GCC_OPTIMIZATION_LEVEL = 0;
				GCC_PREPROCESSOR_DEFINITIONS = (
					"DEBUG=1",
					"$(inherited)",
				);
				GCC_WARN_64_TO_32_BIT_CONVERSION = YES;
				GCC_WARN_ABOUT_RETURN_TYPE = YES_ERROR;
				GCC_WARN_UNDECLARED_SELECTOR = YES;
				GCC_WARN_UNINITIALIZED_AUTOS = YES_AGGRESSIVE;
				GCC_WARN_UNUSED_FUNCTION = YES;
				GCC_WARN_UNUSED_VARIABLE = YES;
				IPHONEOS_DEPLOYMENT_TARGET = 14.4;
				MTL_ENABLE_DEBUG_INFO = INCLUDE_SOURCE;
				MTL_FAST_MATH = YES;
				ONLY_ACTIVE_ARCH = YES;
				SDKROOT = iphoneos;
				SWIFT_ACTIVE_COMPILATION_CONDITIONS = DEBUG;
				SWIFT_OPTIMIZATION_LEVEL = "-Onone";
			};
			name = Debug;
		};
		35635330260B7A5700A431E3 /* Release */ = {
			isa = XCBuildConfiguration;
			buildSettings = {
				ALWAYS_SEARCH_USER_PATHS = NO;
				CLANG_ANALYZER_NONNULL = YES;
				CLANG_ANALYZER_NUMBER_OBJECT_CONVERSION = YES_AGGRESSIVE;
				CLANG_CXX_LANGUAGE_STANDARD = "gnu++14";
				CLANG_CXX_LIBRARY = "libc++";
				CLANG_ENABLE_MODULES = YES;
				CLANG_ENABLE_OBJC_ARC = YES;
				CLANG_ENABLE_OBJC_WEAK = YES;
				CLANG_WARN_BLOCK_CAPTURE_AUTORELEASING = YES;
				CLANG_WARN_BOOL_CONVERSION = YES;
				CLANG_WARN_COMMA = YES;
				CLANG_WARN_CONSTANT_CONVERSION = YES;
				CLANG_WARN_DEPRECATED_OBJC_IMPLEMENTATIONS = YES;
				CLANG_WARN_DIRECT_OBJC_ISA_USAGE = YES_ERROR;
				CLANG_WARN_DOCUMENTATION_COMMENTS = YES;
				CLANG_WARN_EMPTY_BODY = YES;
				CLANG_WARN_ENUM_CONVERSION = YES;
				CLANG_WARN_INFINITE_RECURSION = YES;
				CLANG_WARN_INT_CONVERSION = YES;
				CLANG_WARN_NON_LITERAL_NULL_CONVERSION = YES;
				CLANG_WARN_OBJC_IMPLICIT_RETAIN_SELF = YES;
				CLANG_WARN_OBJC_LITERAL_CONVERSION = YES;
				CLANG_WARN_OBJC_ROOT_CLASS = YES_ERROR;
				CLANG_WARN_QUOTED_INCLUDE_IN_FRAMEWORK_HEADER = YES;
				CLANG_WARN_RANGE_LOOP_ANALYSIS = YES;
				CLANG_WARN_STRICT_PROTOTYPES = YES;
				CLANG_WARN_SUSPICIOUS_MOVE = YES;
				CLANG_WARN_UNGUARDED_AVAILABILITY = YES_AGGRESSIVE;
				CLANG_WARN_UNREACHABLE_CODE = YES;
				CLANG_WARN__DUPLICATE_METHOD_MATCH = YES;
				COPY_PHASE_STRIP = NO;
				DEBUG_INFORMATION_FORMAT = "dwarf-with-dsym";
				ENABLE_NS_ASSERTIONS = NO;
				ENABLE_STRICT_OBJC_MSGSEND = YES;
				GCC_C_LANGUAGE_STANDARD = gnu11;
				GCC_NO_COMMON_BLOCKS = YES;
				GCC_WARN_64_TO_32_BIT_CONVERSION = YES;
				GCC_WARN_ABOUT_RETURN_TYPE = YES_ERROR;
				GCC_WARN_UNDECLARED_SELECTOR = YES;
				GCC_WARN_UNINITIALIZED_AUTOS = YES_AGGRESSIVE;
				GCC_WARN_UNUSED_FUNCTION = YES;
				GCC_WARN_UNUSED_VARIABLE = YES;
				IPHONEOS_DEPLOYMENT_TARGET = 14.4;
				MTL_ENABLE_DEBUG_INFO = NO;
				MTL_FAST_MATH = YES;
				SDKROOT = iphoneos;
				SWIFT_COMPILATION_MODE = wholemodule;
				SWIFT_OPTIMIZATION_LEVEL = "-O";
				VALIDATE_PRODUCT = YES;
			};
			name = Release;
		};
		35635332260B7A5700A431E3 /* Debug */ = {
			isa = XCBuildConfiguration;
			buildSettings = {
				ASSETCATALOG_COMPILER_APPICON_NAME = AppIcon;
				ASSETCATALOG_COMPILER_GLOBAL_ACCENT_COLOR_NAME = AccentColor;
				CODE_SIGN_STYLE = Automatic;
				DEVELOPMENT_TEAM = Z37V8H9T5H;
				INFOPLIST_FILE = smallGame/Info.plist;
				LD_RUNPATH_SEARCH_PATHS = (
					"$(inherited)",
					"@executable_path/Frameworks",
				);
				PRODUCT_BUNDLE_IDENTIFIER = com.CohortStudio.smallGame;
				PRODUCT_NAME = "$(TARGET_NAME)";
				SWIFT_VERSION = 5.0;
				TARGETED_DEVICE_FAMILY = "1,2";
			};
			name = Debug;
		};
		35635333260B7A5700A431E3 /* Release */ = {
			isa = XCBuildConfiguration;
			buildSettings = {
				ASSETCATALOG_COMPILER_APPICON_NAME = AppIcon;
				ASSETCATALOG_COMPILER_GLOBAL_ACCENT_COLOR_NAME = AccentColor;
				CODE_SIGN_STYLE = Automatic;
				DEVELOPMENT_TEAM = Z37V8H9T5H;
				INFOPLIST_FILE = smallGame/Info.plist;
				LD_RUNPATH_SEARCH_PATHS = (
					"$(inherited)",
					"@executable_path/Frameworks",
				);
				PRODUCT_BUNDLE_IDENTIFIER = com.CohortStudio.smallGame;
				PRODUCT_NAME = "$(TARGET_NAME)";
				SWIFT_VERSION = 5.0;
				TARGETED_DEVICE_FAMILY = "1,2";
			};
			name = Release;
		};
		35635335260B7A5700A431E3 /* Debug */ = {
			isa = XCBuildConfiguration;
			buildSettings = {
				ALWAYS_EMBED_SWIFT_STANDARD_LIBRARIES = YES;
				BUNDLE_LOADER = "$(TEST_HOST)";
				CODE_SIGN_STYLE = Automatic;
				DEVELOPMENT_TEAM = Z37V8H9T5H;
				INFOPLIST_FILE = smallGameTests/Info.plist;
				IPHONEOS_DEPLOYMENT_TARGET = 14.4;
				LD_RUNPATH_SEARCH_PATHS = (
					"$(inherited)",
					"@executable_path/Frameworks",
					"@loader_path/Frameworks",
				);
				PRODUCT_BUNDLE_IDENTIFIER = com.CohortStudio.smallGameTests;
				PRODUCT_NAME = "$(TARGET_NAME)";
				SWIFT_VERSION = 5.0;
				TARGETED_DEVICE_FAMILY = "1,2";
				TEST_HOST = "$(BUILT_PRODUCTS_DIR)/smallGame.app/smallGame";
			};
			name = Debug;
		};
		35635336260B7A5700A431E3 /* Release */ = {
			isa = XCBuildConfiguration;
			buildSettings = {
				ALWAYS_EMBED_SWIFT_STANDARD_LIBRARIES = YES;
				BUNDLE_LOADER = "$(TEST_HOST)";
				CODE_SIGN_STYLE = Automatic;
				DEVELOPMENT_TEAM = Z37V8H9T5H;
				INFOPLIST_FILE = smallGameTests/Info.plist;
				IPHONEOS_DEPLOYMENT_TARGET = 14.4;
				LD_RUNPATH_SEARCH_PATHS = (
					"$(inherited)",
					"@executable_path/Frameworks",
					"@loader_path/Frameworks",
				);
				PRODUCT_BUNDLE_IDENTIFIER = com.CohortStudio.smallGameTests;
				PRODUCT_NAME = "$(TARGET_NAME)";
				SWIFT_VERSION = 5.0;
				TARGETED_DEVICE_FAMILY = "1,2";
				TEST_HOST = "$(BUILT_PRODUCTS_DIR)/smallGame.app/smallGame";
			};
			name = Release;
		};
		35635338260B7A5700A431E3 /* Debug */ = {
			isa = XCBuildConfiguration;
			buildSettings = {
				ALWAYS_EMBED_SWIFT_STANDARD_LIBRARIES = YES;
				CODE_SIGN_STYLE = Automatic;
				DEVELOPMENT_TEAM = Z37V8H9T5H;
				INFOPLIST_FILE = smallGameUITests/Info.plist;
				LD_RUNPATH_SEARCH_PATHS = (
					"$(inherited)",
					"@executable_path/Frameworks",
					"@loader_path/Frameworks",
				);
				PRODUCT_BUNDLE_IDENTIFIER = com.CohortStudio.smallGameUITests;
				PRODUCT_NAME = "$(TARGET_NAME)";
				SWIFT_VERSION = 5.0;
				TARGETED_DEVICE_FAMILY = "1,2";
				TEST_TARGET_NAME = smallGame;
			};
			name = Debug;
		};
		35635339260B7A5700A431E3 /* Release */ = {
			isa = XCBuildConfiguration;
			buildSettings = {
				ALWAYS_EMBED_SWIFT_STANDARD_LIBRARIES = YES;
				CODE_SIGN_STYLE = Automatic;
				DEVELOPMENT_TEAM = Z37V8H9T5H;
				INFOPLIST_FILE = smallGameUITests/Info.plist;
				LD_RUNPATH_SEARCH_PATHS = (
					"$(inherited)",
					"@executable_path/Frameworks",
					"@loader_path/Frameworks",
				);
				PRODUCT_BUNDLE_IDENTIFIER = com.CohortStudio.smallGameUITests;
				PRODUCT_NAME = "$(TARGET_NAME)";
				SWIFT_VERSION = 5.0;
				TARGETED_DEVICE_FAMILY = "1,2";
				TEST_TARGET_NAME = smallGame;
			};
			name = Release;
		};
/* End XCBuildConfiguration section */

/* Begin XCConfigurationList section */
		35635302260B7A5500A431E3 /* Build configuration list for PBXProject "smallGame" */ = {
			isa = XCConfigurationList;
			buildConfigurations = (
				3563532F260B7A5700A431E3 /* Debug */,
				35635330260B7A5700A431E3 /* Release */,
			);
			defaultConfigurationIsVisible = 0;
			defaultConfigurationName = Release;
		};
		35635331260B7A5700A431E3 /* Build configuration list for PBXNativeTarget "smallGame" */ = {
			isa = XCConfigurationList;
			buildConfigurations = (
				35635332260B7A5700A431E3 /* Debug */,
				35635333260B7A5700A431E3 /* Release */,
			);
			defaultConfigurationIsVisible = 0;
			defaultConfigurationName = Release;
		};
		35635334260B7A5700A431E3 /* Build configuration list for PBXNativeTarget "smallGameTests" */ = {
			isa = XCConfigurationList;
			buildConfigurations = (
				35635335260B7A5700A431E3 /* Debug */,
				35635336260B7A5700A431E3 /* Release */,
			);
			defaultConfigurationIsVisible = 0;
			defaultConfigurationName = Release;
		};
		35635337260B7A5700A431E3 /* Build configuration list for PBXNativeTarget "smallGameUITests" */ = {
			isa = XCConfigurationList;
			buildConfigurations = (
				35635338260B7A5700A431E3 /* Debug */,
				35635339260B7A5700A431E3 /* Release */,
			);
			defaultConfigurationIsVisible = 0;
			defaultConfigurationName = Release;
		};
/* End XCConfigurationList section */
	};
	rootObject = 356352FF260B7A5500A431E3 /* Project object */;
}
